{
  "nodes": {
    "crane": {
      "locked": {
        "lastModified": 1734808813,
        "narHash": "sha256-3aH/0Y6ajIlfy7j52FGZ+s4icVX0oHhqBzRdlOeztqg=",
        "owner": "ipetkov",
        "repo": "crane",
        "rev": "72e2d02dbac80c8c86bf6bf3e785536acf8ee926",
        "type": "github"
      },
      "original": {
        "owner": "ipetkov",
        "repo": "crane",
        "type": "github"
      }
    },
    "darwin": {
      "inputs": {
        "nixpkgs": [
          "nixpkgs"
        ]
      },
      "locked": {
        "lastModified": 1733570843,
        "narHash": "sha256-sQJAxY1TYWD1UyibN/FnN97paTFuwBw3Vp3DNCyKsMk=",
        "owner": "lnl7",
        "repo": "nix-darwin",
        "rev": "a35b08d09efda83625bef267eb24347b446c80b8",
        "type": "github"
      },
      "original": {
        "owner": "lnl7",
        "repo": "nix-darwin",
        "rev": "a35b08d09efda83625bef267eb24347b446c80b8",
        "type": "github"
      }
    },
    "emacs-lsp-booster": {
      "inputs": {
        "nixpkgs": [
          "nixpkgs"
        ]
      },
      "locked": {
        "lastModified": 1716274896,
        "narHash": "sha256-WsyEkdt8ReGQ40+yV4Cb99A2MEmV0O/i6rmFQura5ww=",
        "owner": "slotThe",
        "repo": "emacs-lsp-booster-flake",
        "rev": "7d110295988fc9bf7fd43bb0cabfbe58a4a5ecf8",
        "type": "github"
      },
      "original": {
        "owner": "slotThe",
        "repo": "emacs-lsp-booster-flake",
        "rev": "7d110295988fc9bf7fd43bb0cabfbe58a4a5ecf8",
        "type": "github"
      }
    },
    "eudaemon": {
      "inputs": {
        "crane": "crane",
        "flake-utils": "flake-utils",
        "nixpkgs": "nixpkgs"
      },
      "locked": {
        "lastModified": 1734892163,
        "narHash": "sha256-u7cUaTjMFIlwGLDFSirlVWvMXWoQiO5jIFV465gg27U=",
        "owner": "paulroden",
        "repo": "eud",
        "rev": "4bd7adab4c8cb46a6537750cab68d90aadec7a60",
        "type": "github"
      },
      "original": {
        "owner": "paulroden",
        "repo": "eud",
        "type": "github"
      }
    },
    "fenix": {
      "inputs": {
        "nixpkgs": [
          "nixpkgs"
        ],
        "rust-analyzer-src": "rust-analyzer-src"
      },
      "locked": {
        "lastModified": 1734849150,
        "narHash": "sha256-mgCcRp22vKy+ZoMKn7DG4UBK0iiZTy2reyFA/YCxVLI=",
        "owner": "nix-community",
        "repo": "fenix",
        "rev": "6c2c568c407a0489295194900be09e75c6603a25",
        "type": "github"
      },
      "original": {
        "owner": "nix-community",
        "repo": "fenix",
        "rev": "6c2c568c407a0489295194900be09e75c6603a25",
        "type": "github"
      }
    },
    "flake-utils": {
      "inputs": {
        "systems": "systems"
      },
      "locked": {
        "lastModified": 1731533236,
        "narHash": "sha256-l0KFg5HjrsfsO/JpG+r7fRrqm12kzFHyUHqHCVpMMbI=",
        "owner": "numtide",
        "repo": "flake-utils",
        "rev": "11707dc2f618dd54ca8739b309ec4fc024de578b",
        "type": "github"
      },
      "original": {
        "owner": "numtide",
        "repo": "flake-utils",
        "type": "github"
      }
    },
    "flake-utils_2": {
      "inputs": {
        "systems": "systems_2"
      },
      "locked": {
        "lastModified": 1731533236,
        "narHash": "sha256-l0KFg5HjrsfsO/JpG+r7fRrqm12kzFHyUHqHCVpMMbI=",
        "owner": "numtide",
        "repo": "flake-utils",
        "rev": "11707dc2f618dd54ca8739b309ec4fc024de578b",
        "type": "github"
      },
      "original": {
        "owner": "numtide",
        "repo": "flake-utils",
        "rev": "11707dc2f618dd54ca8739b309ec4fc024de578b",
        "type": "github"
      }
    },
    "home-manager": {
      "inputs": {
        "nixpkgs": [
          "nixpkgs"
        ]
      },
      "locked": {
        "lastModified": 1734839965,
        "narHash": "sha256-io/YQ2QHvNtf7Tn9iieli/H8S77Vjo4DOsUVF9W/suY=",
        "owner": "nix-community",
        "repo": "home-manager",
        "rev": "c903b1f6fbfc2039963806df896f698331b77aa8",
        "type": "github"
      },
      "original": {
        "owner": "nix-community",
        "repo": "home-manager",
        "rev": "c903b1f6fbfc2039963806df896f698331b77aa8",
        "type": "github"
      }
    },
    "nixpkgs": {
      "locked": {
        "lastModified": 1734891688,
        "narHash": "sha256-DZbDq47//nnuMQ7Q6G9bkhFvy/e/mbo2xkEBpZNuLGw=",
        "owner": "NixOS",
        "repo": "nixpkgs",
        "rev": "d6a12543974e3e9e8b4418ab7bd1e448d4568c1f",
        "type": "github"
      },
      "original": {
        "owner": "NixOS",
        "ref": "release-24.11",
        "repo": "nixpkgs",
        "type": "github"
      }
    },
    "nixpkgs_2": {
      "locked": {
        "lastModified": 1732465541,
        "narHash": "sha256-OaGRlB3pBtcrqNXhlB70Vbd1UKh/02cN2Yqce2t4ptg=",
        "owner": "NixOS",
        "repo": "nixpkgs",
        "rev": "3ab7056874d66b3e20693c871c7340dd5d81cea3",
        "type": "github"
      },
      "original": {
        "owner": "NixOS",
        "repo": "nixpkgs",
        "rev": "3ab7056874d66b3e20693c871c7340dd5d81cea3",
        "type": "github"
      }
    },
    "root": {
      "inputs": {
        "darwin": "darwin",
        "emacs-lsp-booster": "emacs-lsp-booster",
        "eudaemon": "eudaemon",
        "fenix": "fenix",
        "flake-utils": "flake-utils_2",
        "home-manager": "home-manager",
        "nixpkgs": "nixpkgs_2"
      }
    },
    "rust-analyzer-src": {
      "flake": false,
      "locked": {
        "lastModified": 1734765008,
        "narHash": "sha256-dzjpge2mv+QVb3khpC7A4t4j3YC5EAE6DZ8NDjpLEFk=",
        "owner": "rust-lang",
        "repo": "rust-analyzer",
        "rev": "fda8b48bd82cc377318cafbfc5c3fdb630e8f105",
        "type": "github"
      },
      "original": {
        "owner": "rust-lang",
        "ref": "nightly",
        "repo": "rust-analyzer",
        "type": "github"
      }
    },
    "systems": {
      "locked": {
        "lastModified": 1681028828,
        "narHash": "sha256-Vy1rq5AaRuLzOxct8nz4T6wlgyUR7zLU309k9mBC768=",
        "owner": "nix-systems",
        "repo": "default",
        "rev": "da67096a3b9bf56a91d16901293e51ba5b49a27e",
        "type": "github"
      },
      "original": {
        "owner": "nix-systems",
        "repo": "default",
        "type": "github"
      }
    },
    "systems_2": {
      "locked": {
        "lastModified": 1681028828,
        "narHash": "sha256-Vy1rq5AaRuLzOxct8nz4T6wlgyUR7zLU309k9mBC768=",
        "owner": "nix-systems",
        "repo": "default",
        "rev": "da67096a3b9bf56a91d16901293e51ba5b49a27e",
        "type": "github"
      },
      "original": {
        "owner": "nix-systems",
        "repo": "default",
        "type": "github"
      }
    }
  },
  "root": "root",
  "version": 7
}
